
Microsoft Visual Studio Solution File, Format Version 12.00
# Visual Studio Version 16
VisualStudioVersion = 16.0.32002.261
MinimumVisualStudioVersion = 10.0.40219.1
Project("{FAE04EC0-301F-11D3-BF4B-00C04F79EFBC}") = "ToddBot", "ToddBot\ToddBot.csproj", "{61B6138B-0CF4-4BA9-A3FD-C196584D7F0E}"
EndProject
Global
	GlobalSection(SolutionConfigurationPlatforms) = preSolution
		Debug|Any CPU = Debug|Any CPU
		Release|Any CPU = Release|Any CPU
	EndGlobalSection
	GlobalSection(ProjectConfigurationPlatforms) = postSolution
		{61B6138B-0CF4-4BA9-A3FD-C196584D7F0E}.Debug|Any CPU.ActiveCfg = Debug|Any CPU
		{61B6138B-0CF4-4BA9-A3FD-C196584D7F0E}.Debug|Any CPU.Build.0 = Debug|Any CPU
		{61B6138B-0CF4-4BA9-A3FD-C196584D7F0E}.Release|Any CPU.ActiveCfg = Release|Any CPU
		{61B6138B-0CF4-4BA9-A3FD-C196584D7F0E}.Release|Any CPU.Build.0 = Release|Any CPU
	EndGlobalSection
	GlobalSection(SolutionProperties) = preSolution
		HideSolutionNode = FALSE
	EndGlobalSection
	GlobalSection(ExtensibilityGlobals) = postSolution
		SolutionGuid = {76AAA6B6-9966-4548-9008-E3F08BA183C7}
	EndGlobalSection
EndGlobal
